// !$*UTF8*$!
{
	archiveVersion = 1;
	classes = {
	};
	objectVersion = 77;
	objects = {

/* Begin PBXContainerItemProxy section */
		70EBF6562E917D1600B863EC /* PBXContainerItemProxy */ = {
			isa = PBXContainerItemProxy;
			containerPortal = 70EBF63E2E917D1500B863EC /* Project object */;
			proxyType = 1;
			remoteGlobalIDString = 70EBF6452E917D1500B863EC;
			remoteInfo = BeaconAI;
		};
		70EBF6602E917D1600B863EC /* PBXContainerItemProxy */ = {
			isa = PBXContainerItemProxy;
			containerPortal = 70EBF63E2E917D1500B863EC /* Project object */;
			proxyType = 1;
			remoteGlobalIDString = 70EBF6452E917D1500B863EC;
			remoteInfo = BeaconAI;
		};
/* End PBXContainerItemProxy section */

/* Begin PBXFileReference section */
		70EBF6462E917D1500B863EC /* BeaconAI.app */ = {isa = PBXFileReference; explicitFileType = wrapper.application; includeInIndex = 0; path = BeaconAI.app; sourceTree = BUILT_PRODUCTS_DIR; };
		70EBF6552E917D1600B863EC /* BeaconAITests.xctest */ = {isa = PBXFileReference; explicitFileType = wrapper.cfbundle; includeInIndex = 0; path = BeaconAITests.xctest; sourceTree = BUILT_PRODUCTS_DIR; };
		70EBF65F2E917D1600B863EC /* BeaconAIUITests.xctest */ = {isa = PBXFileReference; explicitFileType = wrapper.cfbundle; includeInIndex = 0; path = BeaconAIUITests.xctest; sourceTree = BUILT_PRODUCTS_DIR; };
/* End PBXFileReference section */

/* Begin PBXFileSystemSynchronizedRootGroup section */
		70EBF6482E917D1500B863EC /* BeaconAI */ = {
			isa = PBXFileSystemSynchronizedRootGroup;
			path = BeaconAI;
			sourceTree = "<group>";
		};
		70EBF6582E917D1600B863EC /* BeaconAITests */ = {
			isa = PBXFileSystemSynchronizedRootGroup;
			path = BeaconAITests;
			sourceTree = "<group>";
		};
		70EBF6622E917D1600B863EC /* BeaconAIUITests */ = {
			isa = PBXFileSystemSynchronizedRootGroup;
			path = BeaconAIUITests;
			sourceTree = "<group>";
		};
/* End PBXFileSystemSynchronizedRootGroup section */

/* Begin PBXFrameworksBuildPhase section */
		70EBF6432E917D1500B863EC /* Frameworks */ = {
			isa = PBXFrameworksBuildPhase;
			buildActionMask = 2147483647;
			files = (
			);
			runOnlyForDeploymentPostprocessing = 0;
		};
		70EBF6522E917D1600B863EC /* Frameworks */ = {
			isa = PBXFrameworksBuildPhase;
			buildActionMask = 2147483647;
			files = (
			);
			runOnlyForDeploymentPostprocessing = 0;
		};
		70EBF65C2E917D1600B863EC /* Frameworks */ = {
			isa = PBXFrameworksBuildPhase;
			buildActionMask = 2147483647;
			files = (
			);
			runOnlyForDeploymentPostprocessing = 0;
		};
/* End PBXFrameworksBuildPhase section */

/* Begin PBXGroup section */
		70EBF63D2E917D1500B863EC = {
			isa = PBXGroup;
			children = (
				70EBF6482E917D1500B863EC /* BeaconAI */,
				70EBF6582E917D1600B863EC /* BeaconAITests */,
				70EBF6622E917D1600B863EC /* BeaconAIUITests */,
				70EBF6472E917D1500B863EC /* Products */,
			);
			sourceTree = "<group>";
		};
		70EBF6472E917D1500B863EC /* Products */ = {
			isa = PBXGroup;
			children = (
				70EBF6462E917D1500B863EC /* BeaconAI.app */,
				70EBF6552E917D1600B863EC /* BeaconAITests.xctest */,
				70EBF65F2E917D1600B863EC /* BeaconAIUITests.xctest */,
			);
			name = Products;
			sourceTree = "<group>";
		};
/* End PBXGroup section */

/* Begin PBXNativeTarget section */
		70EBF6452E917D1500B863EC /* BeaconAI */ = {
			isa = PBXNativeTarget;
			buildConfigurationList = 70EBF6692E917D1600B863EC /* Build configuration list for PBXNativeTarget "BeaconAI" */;
			buildPhases = (
				70EBF6422E917D1500B863EC /* Sources */,
				70EBF6432E917D1500B863EC /* Frameworks */,
				70EBF6442E917D1500B863EC /* Resources */,
			);
			buildRules = (
			);
			dependencies = (
			);
			fileSystemSynchronizedGroups = (
				70EBF6482E917D1500B863EC /* BeaconAI */,
			);
			name = BeaconAI;
			packageProductDependencies = (
			);
			productName = BeaconAI;
			productReference = 70EBF6462E917D1500B863EC /* BeaconAI.app */;
			productType = "com.apple.product-type.application";
		};
		70EBF6542E917D1600B863EC /* BeaconAITests */ = {
			isa = PBXNativeTarget;
			buildConfigurationList = 70EBF66C2E917D1600B863EC /* Build configuration list for PBXNativeTarget "BeaconAITests" */;
			buildPhases = (
				70EBF6512E917D1600B863EC /* Sources */,
				70EBF6522E917D1600B863EC /* Frameworks */,
				70EBF6532E917D1600B863EC /* Resources */,
			);
			buildRules = (
			);
			dependencies = (
				70EBF6572E917D1600B863EC /* PBXTargetDependency */,
			);
			fileSystemSynchronizedGroups = (
				70EBF6582E917D1600B863EC /* BeaconAITests */,
			);
			name = BeaconAITests;
			packageProductDependencies = (
			);
			productName = BeaconAITests;
			productReference = 70EBF6552E917D1600B863EC /* BeaconAITests.xctest */;
			productType = "com.apple.product-type.bundle.unit-test";
		};
		70EBF65E2E917D1600B863EC /* BeaconAIUITests */ = {
			isa = PBXNativeTarget;
			buildConfigurationList = 70EBF66F2E917D1600B863EC /* Build configuration list for PBXNativeTarget "BeaconAIUITests" */;
			buildPhases = (
				70EBF65B2E917D1600B863EC /* Sources */,
				70EBF65C2E917D1600B863EC /* Frameworks */,
				70EBF65D2E917D1600B863EC /* Resources */,
			);
			buildRules = (
			);
			dependencies = (
				70EBF6612E917D1600B863EC /* PBXTargetDependency */,
			);
			fileSystemSynchronizedGroups = (
				70EBF6622E917D1600B863EC /* BeaconAIUITests */,
			);
			name = BeaconAIUITests;
			packageProductDependencies = (
			);
			productName = BeaconAIUITests;
			productReference = 70EBF65F2E917D1600B863EC /* BeaconAIUITests.xctest */;
			productType = "com.apple.product-type.bundle.ui-testing";
		};
/* End PBXNativeTarget section */

/* Begin PBXProject section */
		70EBF63E2E917D1500B863EC /* Project object */ = {
			isa = PBXProject;
			attributes = {
				BuildIndependentTargetsInParallel = 1;
				LastSwiftUpdateCheck = 1640;
				LastUpgradeCheck = 1640;
				TargetAttributes = {
					70EBF6452E917D1500B863EC = {
						CreatedOnToolsVersion = 16.4;
					};
					70EBF6542E917D1600B863EC = {
						CreatedOnToolsVersion = 16.4;
						TestTargetID = 70EBF6452E917D1500B863EC;
					};
					70EBF65E2E917D1600B863EC = {
						CreatedOnToolsVersion = 16.4;
						TestTargetID = 70EBF6452E917D1500B863EC;
					};
				};
			};
			buildConfigurationList = 70EBF6412E917D1500B863EC /* Build configuration list for PBXProject "BeaconAI" */;
			developmentRegion = en;
			hasScannedForEncodings = 0;
			knownRegions = (
				en,
				Base,
			);
			mainGroup = 70EBF63D2E917D1500B863EC;
			minimizedProjectReferenceProxies = 1;
			preferredProjectObjectVersion = 77;
			productRefGroup = 70EBF6472E917D1500B863EC /* Products */;
			projectDirPath = "";
			projectRoot = "";
			targets = (
				70EBF6452E917D1500B863EC /* BeaconAI */,
				70EBF6542E917D1600B863EC /* BeaconAITests */,
				70EBF65E2E917D1600B863EC /* BeaconAIUITests */,
			);
		};
/* End PBXProject section */

/* Begin PBXResourcesBuildPhase section */
		70EBF6442E917D1500B863EC /* Resources */ = {
			isa = PBXResourcesBuildPhase;
			buildActionMask = 2147483647;
			files = (
			);
			runOnlyForDeploymentPostprocessing = 0;
		};
		70EBF6532E917D1600B863EC /* Resources */ = {
			isa = PBXResourcesBuildPhase;
			buildActionMask = 2147483647;
			files = (
			);
			runOnlyForDeploymentPostprocessing = 0;
		};
		70EBF65D2E917D1600B863EC /* Resources */ = {
			isa = PBXResourcesBuildPhase;
			buildActionMask = 2147483647;
			files = (
			);
			runOnlyForDeploymentPostprocessing = 0;
		};
/* End PBXResourcesBuildPhase section */

/* Begin PBXSourcesBuildPhase section */
		70EBF6422E917D1500B863EC /* Sources */ = {
			isa = PBXSourcesBuildPhase;
			buildActionMask = 2147483647;
			files = (
			);
			runOnlyForDeploymentPostprocessing = 0;
		};
		70EBF6512E917D1600B863EC /* Sources */ = {
			isa = PBXSourcesBuildPhase;
			buildActionMask = 2147483647;
			files = (
			);
			runOnlyForDeploymentPostprocessing = 0;
		};
		70EBF65B2E917D1600B863EC /* Sources */ = {
			isa = PBXSourcesBuildPhase;
			buildActionMask = 2147483647;
			files = (
			);
			runOnlyForDeploymentPostprocessing = 0;
		};
/* End PBXSourcesBuildPhase section */

/* Begin PBXTargetDependency section */
		70EBF6572E917D1600B863EC /* PBXTargetDependency */ = {
			isa = PBXTargetDependency;
			target = 70EBF6452E917D1500B863EC /* BeaconAI */;
			targetProxy = 70EBF6562E917D1600B863EC /* PBXContainerItemProxy */;
		};
		70EBF6612E917D1600B863EC /* PBXTargetDependency */ = {
			isa = PBXTargetDependency;
			target = 70EBF6452E917D1500B863EC /* BeaconAI */;
			targetProxy = 70EBF6602E917D1600B863EC /* PBXContainerItemProxy */;
		};
/* End PBXTargetDependency section */

/* Begin XCBuildConfiguration section */
		70EBF6672E917D1600B863EC /* Debug */ = {
			isa = XCBuildConfiguration;
			buildSettings = {
				ALWAYS_SEARCH_USER_PATHS = NO;
				ASSETCATALOG_COMPILER_GENERATE_SWIFT_ASSET_SYMBOL_EXTENSIONS = YES;
				CLANG_ANALYZER_NONNULL = YES;
				CLANG_ANALYZER_NUMBER_OBJECT_CONVERSION = YES_AGGRESSIVE;
				CLANG_CXX_LANGUAGE_STANDARD = "gnu++20";
				CLANG_ENABLE_MODULES = YES;
				CLANG_ENABLE_OBJC_ARC = YES;
				CLANG_ENABLE_OBJC_WEAK = YES;
				CLANG_WARN_BLOCK_CAPTURE_AUTORELEASING = YES;
				CLANG_WARN_BOOL_CONVERSION = YES;
				CLANG_WARN_COMMA = YES;
				CLANG_WARN_CONSTANT_CONVERSION = YES;
				CLANG_WARN_DEPRECATED_OBJC_IMPLEMENTATIONS = YES;
				CLANG_WARN_DIRECT_OBJC_ISA_USAGE = YES_ERROR;
				CLANG_WARN_DOCUMENTATION_COMMENTS = YES;
				CLANG_WARN_EMPTY_BODY = YES;
				CLANG_WARN_ENUM_CONVERSION = YES;
				CLANG_WARN_INFINITE_RECURSION = YES;
				CLANG_WARN_INT_CONVERSION = YES;
				CLANG_WARN_NON_LITERAL_NULL_CONVERSION = YES;
				CLANG_WARN_OBJC_IMPLICIT_RETAIN_SELF = YES;
				CLANG_WARN_OBJC_LITERAL_CONVERSION = YES;
				CLANG_WARN_OBJC_ROOT_CLASS = YES_ERROR;
				CLANG_WARN_QUOTED_INCLUDE_IN_FRAMEWORK_HEADER = YES;
				CLANG_WARN_RANGE_LOOP_ANALYSIS = YES;
				CLANG_WARN_STRICT_PROTOTYPES = YES;
				CLANG_WARN_SUSPICIOUS_MOVE = YES;
				CLANG_WARN_UNGUARDED_AVAILABILITY = YES_AGGRESSIVE;
				CLANG_WARN_UNREACHABLE_CODE = YES;
				CLANG_WARN__DUPLICATE_METHOD_MATCH = YES;
				COPY_PHASE_STRIP = NO;
				DEBUG_INFORMATION_FORMAT = dwarf;
				ENABLE_STRICT_OBJC_MSGSEND = YES;
				ENABLE_TESTABILITY = YES;
				ENABLE_USER_SCRIPT_SANDBOXING = YES;
				GCC_C_LANGUAGE_STANDARD = gnu17;
				GCC_DYNAMIC_NO_PIC = NO;
				GCC_NO_COMMON_BLOCKS = YES;
				GCC_OPTIMIZATION_LEVEL = 0;
				GCC_PREPROCESSOR_DEFINITIONS = (
					"DEBUG=1",
					"$(inherited)",
				);
				GCC_WARN_64_TO_32_BIT_CONVERSION = YES;
				GCC_WARN_ABOUT_RETURN_TYPE = YES_ERROR;
				GCC_WARN_UNDECLARED_SELECTOR = YES;
				GCC_WARN_UNINITIALIZED_AUTOS = YES_AGGRESSIVE;
				GCC_WARN_UNUSED_FUNCTION = YES;
				GCC_WARN_UNUSED_VARIABLE = YES;
				IPHONEOS_DEPLOYMENT_TARGET = 18.5;
				LOCALIZATION_PREFERS_STRING_CATALOGS = YES;
				MTL_ENABLE_DEBUG_INFO = INCLUDE_SOURCE;
				MTL_FAST_MATH = YES;
				ONLY_ACTIVE_ARCH = YES;
				SDKROOT = iphoneos;
				SWIFT_ACTIVE_COMPILATION_CONDITIONS = "DEBUG $(inherited)";
				SWIFT_OPTIMIZATION_LEVEL = "-Onone";
			};
			name = Debug;
		};
		70EBF6682E917D1600B863EC /* Release */ = {
			isa = XCBuildConfiguration;
			buildSettings = {
				ALWAYS_SEARCH_USER_PATHS = NO;
				ASSETCATALOG_COMPILER_GENERATE_SWIFT_ASSET_SYMBOL_EXTENSIONS = YES;
				CLANG_ANALYZER_NONNULL = YES;
				CLANG_ANALYZER_NUMBER_OBJECT_CONVERSION = YES_AGGRESSIVE;
				CLANG_CXX_LANGUAGE_STANDARD = "gnu++20";
				CLANG_ENABLE_MODULES = YES;
				CLANG_ENABLE_OBJC_ARC = YES;
				CLANG_ENABLE_OBJC_WEAK = YES;
				CLANG_WARN_BLOCK_CAPTURE_AUTORELEASING = YES;
				CLANG_WARN_BOOL_CONVERSION = YES;
				CLANG_WARN_COMMA = YES;
				CLANG_WARN_CONSTANT_CONVERSION = YES;
				CLANG_WARN_DEPRECATED_OBJC_IMPLEMENTATIONS = YES;
				CLANG_WARN_DIRECT_OBJC_ISA_USAGE = YES_ERROR;
				CLANG_WARN_DOCUMENTATION_COMMENTS = YES;
				CLANG_WARN_EMPTY_BODY = YES;
				CLANG_WARN_ENUM_CONVERSION = YES;
				CLANG_WARN_INFINITE_RECURSION = YES;
				CLANG_WARN_INT_CONVERSION = YES;
				CLANG_WARN_NON_LITERAL_NULL_CONVERSION = YES;
				CLANG_WARN_OBJC_IMPLICIT_RETAIN_SELF = YES;
				CLANG_WARN_OBJC_LITERAL_CONVERSION = YES;
				CLANG_WARN_OBJC_ROOT_CLASS = YES_ERROR;
				CLANG_WARN_QUOTED_INCLUDE_IN_FRAMEWORK_HEADER = YES;
				CLANG_WARN_RANGE_LOOP_ANALYSIS = YES;
				CLANG_WARN_STRICT_PROTOTYPES = YES;
				CLANG_WARN_SUSPICIOUS_MOVE = YES;
				CLANG_WARN_UNGUARDED_AVAILABILITY = YES_AGGRESSIVE;
				CLANG_WARN_UNREACHABLE_CODE = YES;
				CLANG_WARN__DUPLICATE_METHOD_MATCH = YES;
				COPY_PHASE_STRIP = NO;
				DEBUG_INFORMATION_FORMAT = "dwarf-with-dsym";
				ENABLE_NS_ASSERTIONS = NO;
				ENABLE_STRICT_OBJC_MSGSEND = YES;
				ENABLE_USER_SCRIPT_SANDBOXING = YES;
				GCC_C_LANGUAGE_STANDARD = gnu17;
				GCC_NO_COMMON_BLOCKS = YES;
				GCC_WARN_64_TO_32_BIT_CONVERSION = YES;
				GCC_WARN_ABOUT_RETURN_TYPE = YES_ERROR;
				GCC_WARN_UNDECLARED_SELECTOR = YES;
				GCC_WARN_UNINITIALIZED_AUTOS = YES_AGGRESSIVE;
				GCC_WARN_UNUSED_FUNCTION = YES;
				GCC_WARN_UNUSED_VARIABLE = YES;
				IPHONEOS_DEPLOYMENT_TARGET = 18.5;
				LOCALIZATION_PREFERS_STRING_CATALOGS = YES;
				MTL_ENABLE_DEBUG_INFO = NO;
				MTL_FAST_MATH = YES;
				SDKROOT = iphoneos;
				SWIFT_COMPILATION_MODE = wholemodule;
				VALIDATE_PRODUCT = YES;
			};
			name = Release;
		};
		70EBF66A2E917D1600B863EC /* Debug */ = {
			isa = XCBuildConfiguration;
			buildSettings = {
				ASSETCATALOG_COMPILER_APPICON_NAME = AppIcon;
				ASSETCATALOG_COMPILER_GLOBAL_ACCENT_COLOR_NAME = AccentColor;
				CODE_SIGN_STYLE = Automatic;
				CURRENT_PROJECT_VERSION = 1;
				DEVELOPMENT_TEAM = FU8PW65782;
				ENABLE_PREVIEWS = YES;
				GENERATE_INFOPLIST_FILE = YES;
				INFOPLIST_KEY_UIApplicationSceneManifest_Generation = YES;
				INFOPLIST_KEY_UIApplicationSupportsIndirectInputEvents = YES;
				INFOPLIST_KEY_UILaunchScreen_Generation = YES;
				INFOPLIST_KEY_UISupportedInterfaceOrientations_iPad = "UIInterfaceOrientationPortrait UIInterfaceOrientationPortraitUpsideDown UIInterfaceOrientationLandscapeLeft UIInterfaceOrientationLandscapeRight";
				INFOPLIST_KEY_UISupportedInterfaceOrientations_iPhone = "UIInterfaceOrientationPortrait UIInterfaceOrientationLandscapeLeft UIInterfaceOrientationLandscapeRight";
				LD_RUNPATH_SEARCH_PATHS = (
					"$(inherited)",
					"@executable_path/Frameworks",
				);
				MARKETING_VERSION = 1.0;
				PRODUCT_BUNDLE_IDENTIFIER = rasa.BeaconAI;
				PRODUCT_NAME = "$(TARGET_NAME)";
				SWIFT_EMIT_LOC_STRINGS = YES;
				SWIFT_VERSION = 5.0;
				TARGETED_DEVICE_FAMILY = "1,2";
			};
			name = Debug;
		};
		70EBF66B2E917D1600B863EC /* Release */ = {
			isa = XCBuildConfiguration;
			buildSettings = {
				ASSETCATALOG_COMPILER_APPICON_NAME = AppIcon;
				ASSETCATALOG_COMPILER_GLOBAL_ACCENT_COLOR_NAME = AccentColor;
				CODE_SIGN_STYLE = Automatic;
				CURRENT_PROJECT_VERSION = 1;
				DEVELOPMENT_TEAM = FU8PW65782;
				ENABLE_PREVIEWS = YES;
				GENERATE_INFOPLIST_FILE = YES;
				INFOPLIST_KEY_UIApplicationSceneManifest_Generation = YES;
				INFOPLIST_KEY_UIApplicationSupportsIndirectInputEvents = YES;
				INFOPLIST_KEY_UILaunchScreen_Generation = YES;
				INFOPLIST_KEY_UISupportedInterfaceOrientations_iPad = "UIInterfaceOrientationPortrait UIInterfaceOrientationPortraitUpsideDown UIInterfaceOrientationLandscapeLeft UIInterfaceOrientationLandscapeRight";
				INFOPLIST_KEY_UISupportedInterfaceOrientations_iPhone = "UIInterfaceOrientationPortrait UIInterfaceOrientationLandscapeLeft UIInterfaceOrientationLandscapeRight";
				LD_RUNPATH_SEARCH_PATHS = (
					"$(inherited)",
					"@executable_path/Frameworks",
				);
				MARKETING_VERSION = 1.0;
				PRODUCT_BUNDLE_IDENTIFIER = rasa.BeaconAI;
				PRODUCT_NAME = "$(TARGET_NAME)";
				SWIFT_EMIT_LOC_STRINGS = YES;
				SWIFT_VERSION = 5.0;
				TARGETED_DEVICE_FAMILY = "1,2";
			};
			name = Release;
		};
		70EBF66D2E917D1600B863EC /* Debug */ = {
			isa = XCBuildConfiguration;
			buildSettings = {
				BUNDLE_LOADER = "$(TEST_HOST)";
				CODE_SIGN_STYLE = Automatic;
				CURRENT_PROJECT_VERSION = 1;
				GENERATE_INFOPLIST_FILE = YES;
				IPHONEOS_DEPLOYMENT_TARGET = 18.5;
				MARKETING_VERSION = 1.0;
				PRODUCT_BUNDLE_IDENTIFIER = rasa.BeaconAITests;
				PRODUCT_NAME = "$(TARGET_NAME)";
				SWIFT_EMIT_LOC_STRINGS = NO;
				SWIFT_VERSION = 5.0;
				TARGETED_DEVICE_FAMILY = "1,2";
				TEST_HOST = "$(BUILT_PRODUCTS_DIR)/BeaconAI.app/$(BUNDLE_EXECUTABLE_FOLDER_PATH)/BeaconAI";
			};
			name = Debug;
		};
		70EBF66E2E917D1600B863EC /* Release */ = {
			isa = XCBuildConfiguration;
			buildSettings = {
				BUNDLE_LOADER = "$(TEST_HOST)";
				CODE_SIGN_STYLE = Automatic;
				CURRENT_PROJECT_VERSION = 1;
				GENERATE_INFOPLIST_FILE = YES;
				IPHONEOS_DEPLOYMENT_TARGET = 18.5;
				MARKETING_VERSION = 1.0;
				PRODUCT_BUNDLE_IDENTIFIER = rasa.BeaconAITests;
				PRODUCT_NAME = "$(TARGET_NAME)";
				SWIFT_EMIT_LOC_STRINGS = NO;
				SWIFT_VERSION = 5.0;
				TARGETED_DEVICE_FAMILY = "1,2";
				TEST_HOST = "$(BUILT_PRODUCTS_DIR)/BeaconAI.app/$(BUNDLE_EXECUTABLE_FOLDER_PATH)/BeaconAI";
			};
			name = Release;
		};
		70EBF6702E917D1600B863EC /* Debug */ = {
			isa = XCBuildConfiguration;
			buildSettings = {
				CODE_SIGN_STYLE = Automatic;
				CURRENT_PROJECT_VERSION = 1;
				GENERATE_INFOPLIST_FILE = YES;
				MARKETING_VERSION = 1.0;
				PRODUCT_BUNDLE_IDENTIFIER = rasa.BeaconAIUITests;
				PRODUCT_NAME = "$(TARGET_NAME)";
				SWIFT_EMIT_LOC_STRINGS = NO;
				SWIFT_VERSION = 5.0;
				TARGETED_DEVICE_FAMILY = "1,2";
				TEST_TARGET_NAME = BeaconAI;
			};
			name = Debug;
		};
		70EBF6712E917D1600B863EC /* Release */ = {
			isa = XCBuildConfiguration;
			buildSettings = {
				CODE_SIGN_STYLE = Automatic;
				CURRENT_PROJECT_VERSION = 1;
				GENERATE_INFOPLIST_FILE = YES;
				MARKETING_VERSION = 1.0;
				PRODUCT_BUNDLE_IDENTIFIER = rasa.BeaconAIUITests;
				PRODUCT_NAME = "$(TARGET_NAME)";
				SWIFT_EMIT_LOC_STRINGS = NO;
				SWIFT_VERSION = 5.0;
				TARGETED_DEVICE_FAMILY = "1,2";
				TEST_TARGET_NAME = BeaconAI;
			};
			name = Release;
		};
/* End XCBuildConfiguration section */

/* Begin XCConfigurationList section */
		70EBF6412E917D1500B863EC /* Build configuration list for PBXProject "BeaconAI" */ = {
			isa = XCConfigurationList;
			buildConfigurations = (
				70EBF6672E917D1600B863EC /* Debug */,
				70EBF6682E917D1600B863EC /* Release */,
			);
			defaultConfigurationIsVisible = 0;
			defaultConfigurationName = Release;
		};
		70EBF6692E917D1600B863EC /* Build configuration list for PBXNativeTarget "BeaconAI" */ = {
			isa = XCConfigurationList;
			buildConfigurations = (
				70EBF66A2E917D1600B863EC /* Debug */,
				70EBF66B2E917D1600B863EC /* Release */,
			);
			defaultConfigurationIsVisible = 0;
			defaultConfigurationName = Release;
		};
		70EBF66C2E917D1600B863EC /* Build configuration list for PBXNativeTarget "BeaconAITests" */ = {
			isa = XCConfigurationList;
			buildConfigurations = (
				70EBF66D2E917D1600B863EC /* Debug */,
				70EBF66E2E917D1600B863EC /* Release */,
			);
			defaultConfigurationIsVisible = 0;
			defaultConfigurationName = Release;
		};
		70EBF66F2E917D1600B863EC /* Build configuration list for PBXNativeTarget "BeaconAIUITests" */ = {
			isa = XCConfigurationList;
			buildConfigurations = (
				70EBF6702E917D1600B863EC /* Debug */,
				70EBF6712E917D1600B863EC /* Release */,
			);
			defaultConfigurationIsVisible = 0;
			defaultConfigurationName = Release;
		};
/* End XCConfigurationList section */
	};
	rootObject = 70EBF63E2E917D1500B863EC /* Project object */;
}
